
Microsoft Visual Studio Solution File, Format Version 12.00
Project("{FAE04EC0-301F-11D3-BF4B-00C04F79EFBC}") = "LazyProxy.Core", "LazyProxy.Core\LazyProxy.Core.csproj", "{77FF8E85-68E3-468F-9CBB-F6419504EDAC}"
EndProject
Project("{FAE04EC0-301F-11D3-BF4B-00C04F79EFBC}") = "LazyProxy.Core.Tests", "LazyProxy.Core.Tests\LazyProxy.Core.Tests.csproj", "{F6B281B6-884B-4E70-AFDC-2E97C6198775}"
EndProject
Project("{FAE04EC0-301F-11D3-BF4B-00C04F79EFBC}") = "LazyProxy.Unity", "LazyProxy.Unity\LazyProxy.Unity.csproj", "{B4146B70-B06C-4584-9F89-D5FACE3FCED4}"
EndProject
Project("{FAE04EC0-301F-11D3-BF4B-00C04F79EFBC}") = "LazyProxy.Unity.Tests", "LazyProxy.Unity.Tests\LazyProxy.Unity.Tests.csproj", "{241A150B-86F7-4905-87BB-B3CEA8F09B6D}"
EndProject
Project("{FAE04EC0-301F-11D3-BF4B-00C04F79EFBC}") = "LazyProxy.Sample", "LazyProxy.Sample\LazyProxy.Sample.csproj", "{24EC70A9-7398-4772-9B88-625A9F7B3295}"
EndProject
Global
	GlobalSection(SolutionConfigurationPlatforms) = preSolution
		Debug|Any CPU = Debug|Any CPU
		Release|Any CPU = Release|Any CPU
	EndGlobalSection
	GlobalSection(ProjectConfigurationPlatforms) = postSolution
		{77FF8E85-68E3-468F-9CBB-F6419504EDAC}.Debug|Any CPU.ActiveCfg = Debug|Any CPU
		{77FF8E85-68E3-468F-9CBB-F6419504EDAC}.Debug|Any CPU.Build.0 = Debug|Any CPU
		{77FF8E85-68E3-468F-9CBB-F6419504EDAC}.Release|Any CPU.ActiveCfg = Release|Any CPU
		{77FF8E85-68E3-468F-9CBB-F6419504EDAC}.Release|Any CPU.Build.0 = Release|Any CPU
		{F6B281B6-884B-4E70-AFDC-2E97C6198775}.Debug|Any CPU.ActiveCfg = Debug|Any CPU
		{F6B281B6-884B-4E70-AFDC-2E97C6198775}.Debug|Any CPU.Build.0 = Debug|Any CPU
		{F6B281B6-884B-4E70-AFDC-2E97C6198775}.Release|Any CPU.ActiveCfg = Release|Any CPU
		{F6B281B6-884B-4E70-AFDC-2E97C6198775}.Release|Any CPU.Build.0 = Release|Any CPU
		{B4146B70-B06C-4584-9F89-D5FACE3FCED4}.Debug|Any CPU.ActiveCfg = Debug|Any CPU
		{B4146B70-B06C-4584-9F89-D5FACE3FCED4}.Debug|Any CPU.Build.0 = Debug|Any CPU
		{B4146B70-B06C-4584-9F89-D5FACE3FCED4}.Release|Any CPU.ActiveCfg = Release|Any CPU
		{B4146B70-B06C-4584-9F89-D5FACE3FCED4}.Release|Any CPU.Build.0 = Release|Any CPU
		{241A150B-86F7-4905-87BB-B3CEA8F09B6D}.Debug|Any CPU.ActiveCfg = Debug|Any CPU
		{241A150B-86F7-4905-87BB-B3CEA8F09B6D}.Debug|Any CPU.Build.0 = Debug|Any CPU
		{241A150B-86F7-4905-87BB-B3CEA8F09B6D}.Release|Any CPU.ActiveCfg = Release|Any CPU
		{241A150B-86F7-4905-87BB-B3CEA8F09B6D}.Release|Any CPU.Build.0 = Release|Any CPU
		{24EC70A9-7398-4772-9B88-625A9F7B3295}.Debug|Any CPU.ActiveCfg = Debug|Any CPU
		{24EC70A9-7398-4772-9B88-625A9F7B3295}.Debug|Any CPU.Build.0 = Debug|Any CPU
		{24EC70A9-7398-4772-9B88-625A9F7B3295}.Release|Any CPU.ActiveCfg = Release|Any CPU
		{24EC70A9-7398-4772-9B88-625A9F7B3295}.Release|Any CPU.Build.0 = Release|Any CPU
	EndGlobalSection
EndGlobal
